// !$*UTF8*$!
{
	archiveVersion = 1;
	classes = {
	};
	objectVersion = 77;
	objects = {

/* Begin PBXBuildFile section */
		132C42FE2E4333B500E24B13 /* SwiftLlama in Frameworks */ = {isa = PBXBuildFile; productRef = 132C42FD2E4333B500E24B13 /* SwiftLlama */; };
		FLUID00012EF3000000000001 /* FluidAudio in Frameworks */ = {isa = PBXBuildFile; productRef = FLUID00022EF3000000000002 /* FluidAudio */; };
		1371CE602E34333600209092 /* ModelManifest.swift in Sources */ = {isa = PBXBuildFile; fileRef = 1371CE5F2E34333400209092 /* ModelManifest.swift */; };
		1371CE6C2E345FF700209092 /* LlamaEngine.swift in Sources */ = {isa = PBXBuildFile; fileRef = 1371CE612E34547700209092 /* LlamaEngine.swift */; };
		13AF4A922E3336EA004AC50F /* BrowseModelsViewModel.swift in Sources */ = {isa = PBXBuildFile; fileRef = 13AF4A912E3336DF004AC50F /* BrowseModelsViewModel.swift */; };
		13AF4A942E333729004AC50F /* ModelBrowserView.swift in Sources */ = {isa = PBXBuildFile; fileRef = 13AF4A932E333720004AC50F /* ModelBrowserView.swift */; };
		13AF4A962E333AB5004AC50F /* ChatViewModel.swift in Sources */ = {isa = PBXBuildFile; fileRef = 13AF4A952E333AB0004AC50F /* ChatViewModel.swift */; };
		13AF4A982E333C30004AC50F /* ModelPickerView.swift in Sources */ = {isa = PBXBuildFile; fileRef = 13AF4A972E333C27004AC50F /* ModelPickerView.swift */; };
		13AF4A9D2E342DB4004AC50F /* ChatManager.swift in Sources */ = {isa = PBXBuildFile; fileRef = 13AF4A9C2E342DB1004AC50F /* ChatManager.swift */; };
		13AF4A9F2E342ED2004AC50F /* ChatWorkspaceView.swift in Sources */ = {isa = PBXBuildFile; fileRef = 13AF4A9E2E342ED2004AC50F /* ChatWorkspaceView.swift */; };
		13AF4AA12E342EF0004AC50F /* ChatListView.swift in Sources */ = {isa = PBXBuildFile; fileRef = 13AF4AA02E342EF0004AC50F /* ChatListView.swift */; };
		13AF4AA42E342FA0004AC50F /* MessageRow.swift in Sources */ = {isa = PBXBuildFile; fileRef = 13AF4AA32E342FA0004AC50F /* MessageRow.swift */; };
		13AF4AAB2E343ABC004AC50F /* MarkdownText.swift in Sources */ = {isa = PBXBuildFile; fileRef = 13AF4AAA2E343ABC004AC50F /* MarkdownText.swift */; };
		13AF4AAD2E343DEF004AC50F /* ModelSettingsView.swift in Sources */ = {isa = PBXBuildFile; fileRef = 13AF4AAC2E343DEF004AC50F /* ModelSettingsView.swift */; };
		13AF4AAF2E343F12004AC50F /* ExportChatView.swift in Sources */ = {isa = PBXBuildFile; fileRef = 13AF4AAE2E343F12004AC50F /* ExportChatView.swift */; };
		13B882522E2B7716006A0005 /* Assets.xcassets in Resources */ = {isa = PBXBuildFile; fileRef = 13B8824E2E2B7716006A0005 /* Assets.xcassets */; };
		13B882542E2B7716006A0005 /* Q2_Edge_ChatApp.swift in Sources */ = {isa = PBXBuildFile; fileRef = 13B882502E2B7716006A0005 /* Q2_Edge_ChatApp.swift */; };
		13B882552E2B7716006A0005 /* FrontPageView.swift in Sources */ = {isa = PBXBuildFile; fileRef = 13B8824C2E2B7716006A0005 /* FrontPageView.swift */; };
		13B882582E2C31D8006A0005 /* ModelManager.swift in Sources */ = {isa = PBXBuildFile; fileRef = 13B882572E2C31D3006A0005 /* ModelManager.swift */; };
		21E506542E2D1DE200D26F61 /* ContentView.swift in Sources */ = {isa = PBXBuildFile; fileRef = 21E506532E2D1DE200D26F61 /* ContentView.swift */; };
		21E506582E2D1FD200D26F61 /* ChatView.swift in Sources */ = {isa = PBXBuildFile; fileRef = 21E506572E2D1FD200D26F61 /* ChatView.swift */; };
		21E5065C2E2D4E3F00D26F61 /* DynamicTextEditor.swift in Sources */ = {isa = PBXBuildFile; fileRef = 21E5065B2E2D4E3F00D26F61 /* DynamicTextEditor.swift */; };
		21E506612E2D651D00D26F61 /* MessagesView.swift in Sources */ = {isa = PBXBuildFile; fileRef = 21E506602E2D651D00D26F61 /* MessagesView.swift */; };
		81335FC72EF135DD002E233B /* PERFORMANCE_METRICS.md in Resources */ = {isa = PBXBuildFile; fileRef = 81335FC62EF135DD002E233B /* PERFORMANCE_METRICS.md */; };
		VOICE001012EF2000002E233B /* AudioSessionManager.swift in Sources */ = {isa = PBXBuildFile; fileRef = VOICE001002EF2000002E233B /* AudioSessionManager.swift */; };
		VOICE001022EF2000002E233B /* AudioCaptureService.swift in Sources */ = {isa = PBXBuildFile; fileRef = VOICE001032EF2000002E233B /* AudioCaptureService.swift */; };
		VOICE001042EF2000002E233B /* VoiceInputManager.swift in Sources */ = {isa = PBXBuildFile; fileRef = VOICE001052EF2000002E233B /* VoiceInputManager.swift */; };
		VOICE001062EF2000002E233B /* VoiceInputButton.swift in Sources */ = {isa = PBXBuildFile; fileRef = VOICE001072EF2000002E233B /* VoiceInputButton.swift */; };
/* End PBXBuildFile section */

/* Begin PBXContainerItemProxy section */
		139FBB492E2A1D37003EF52B /* PBXContainerItemProxy */ = {
			isa = PBXContainerItemProxy;
			containerPortal = 139FBB332E2A1D35003EF52B /* Project object */;
			proxyType = 1;
			remoteGlobalIDString = 139FBB3A2E2A1D35003EF52B;
			remoteInfo = "Q2 Edge Chat";
		};
		139FBB532E2A1D37003EF52B /* PBXContainerItemProxy */ = {
			isa = PBXContainerItemProxy;
			containerPortal = 139FBB332E2A1D35003EF52B /* Project object */;
			proxyType = 1;
			remoteGlobalIDString = 139FBB3A2E2A1D35003EF52B;
			remoteInfo = "Q2 Edge Chat";
		};
/* End PBXContainerItemProxy section */

/* Begin PBXFileReference section */
		1371CE5F2E34333400209092 /* ModelManifest.swift */ = {isa = PBXFileReference; lastKnownFileType = sourcecode.swift; path = ModelManifest.swift; sourceTree = "<group>"; };
		1371CE612E34547700209092 /* LlamaEngine.swift */ = {isa = PBXFileReference; lastKnownFileType = sourcecode.swift; path = LlamaEngine.swift; sourceTree = "<group>"; };
		139FBB3B2E2A1D35003EF52B /* Q2 Edge Chat.app */ = {isa = PBXFileReference; explicitFileType = wrapper.application; includeInIndex = 0; path = "Q2 Edge Chat.app"; sourceTree = BUILT_PRODUCTS_DIR; };
		139FBB482E2A1D37003EF52B /* Q2 Edge ChatTests.xctest */ = {isa = PBXFileReference; explicitFileType = wrapper.cfbundle; includeInIndex = 0; path = "Q2 Edge ChatTests.xctest"; sourceTree = BUILT_PRODUCTS_DIR; };
		139FBB522E2A1D37003EF52B /* Q2 Edge ChatUITests.xctest */ = {isa = PBXFileReference; explicitFileType = wrapper.cfbundle; includeInIndex = 0; path = "Q2 Edge ChatUITests.xctest"; sourceTree = BUILT_PRODUCTS_DIR; };
		13AF4A912E3336DF004AC50F /* BrowseModelsViewModel.swift */ = {isa = PBXFileReference; lastKnownFileType = sourcecode.swift; path = BrowseModelsViewModel.swift; sourceTree = "<group>"; };
		13AF4A932E333720004AC50F /* ModelBrowserView.swift */ = {isa = PBXFileReference; lastKnownFileType = sourcecode.swift; path = ModelBrowserView.swift; sourceTree = "<group>"; };
		13AF4A952E333AB0004AC50F /* ChatViewModel.swift */ = {isa = PBXFileReference; lastKnownFileType = sourcecode.swift; path = ChatViewModel.swift; sourceTree = "<group>"; };
		13AF4A972E333C27004AC50F /* ModelPickerView.swift */ = {isa = PBXFileReference; lastKnownFileType = sourcecode.swift; path = ModelPickerView.swift; sourceTree = "<group>"; };
		13AF4A9C2E342DB1004AC50F /* ChatManager.swift */ = {isa = PBXFileReference; lastKnownFileType = sourcecode.swift; path = ChatManager.swift; sourceTree = "<group>"; };
		13AF4A9E2E342ED2004AC50F /* ChatWorkspaceView.swift */ = {isa = PBXFileReference; lastKnownFileType = sourcecode.swift; path = ChatWorkspaceView.swift; sourceTree = "<group>"; };
		13AF4AA02E342EF0004AC50F /* ChatListView.swift */ = {isa = PBXFileReference; lastKnownFileType = sourcecode.swift; path = ChatListView.swift; sourceTree = "<group>"; };
		13AF4AA32E342FA0004AC50F /* MessageRow.swift */ = {isa = PBXFileReference; lastKnownFileType = sourcecode.swift; path = MessageRow.swift; sourceTree = "<group>"; };
		13AF4AAA2E343ABC004AC50F /* MarkdownText.swift */ = {isa = PBXFileReference; lastKnownFileType = sourcecode.swift; path = MarkdownText.swift; sourceTree = "<group>"; };
		13AF4AAC2E343DEF004AC50F /* ModelSettingsView.swift */ = {isa = PBXFileReference; lastKnownFileType = sourcecode.swift; path = ModelSettingsView.swift; sourceTree = "<group>"; };
		13AF4AAE2E343F12004AC50F /* ExportChatView.swift */ = {isa = PBXFileReference; lastKnownFileType = sourcecode.swift; path = ExportChatView.swift; sourceTree = "<group>"; };
		13B8824C2E2B7716006A0005 /* FrontPageView.swift */ = {isa = PBXFileReference; lastKnownFileType = sourcecode.swift; path = FrontPageView.swift; sourceTree = "<group>"; };
		13B8824E2E2B7716006A0005 /* Assets.xcassets */ = {isa = PBXFileReference; lastKnownFileType = folder.assetcatalog; path = Assets.xcassets; sourceTree = "<group>"; };
		13B882502E2B7716006A0005 /* Q2_Edge_ChatApp.swift */ = {isa = PBXFileReference; lastKnownFileType = sourcecode.swift; path = Q2_Edge_ChatApp.swift; sourceTree = "<group>"; };
		13B882572E2C31D3006A0005 /* ModelManager.swift */ = {isa = PBXFileReference; lastKnownFileType = sourcecode.swift; path = ModelManager.swift; sourceTree = "<group>"; };
		21E506532E2D1DE200D26F61 /* ContentView.swift */ = {isa = PBXFileReference; lastKnownFileType = sourcecode.swift; path = ContentView.swift; sourceTree = "<group>"; };
		21E506572E2D1FD200D26F61 /* ChatView.swift */ = {isa = PBXFileReference; lastKnownFileType = sourcecode.swift; path = ChatView.swift; sourceTree = "<group>"; };
		21E5065B2E2D4E3F00D26F61 /* DynamicTextEditor.swift */ = {isa = PBXFileReference; lastKnownFileType = sourcecode.swift; path = DynamicTextEditor.swift; sourceTree = "<group>"; };
		21E506602E2D651D00D26F61 /* MessagesView.swift */ = {isa = PBXFileReference; lastKnownFileType = sourcecode.swift; path = MessagesView.swift; sourceTree = "<group>"; };
		81335FC62EF135DD002E233B /* PERFORMANCE_METRICS.md */ = {isa = PBXFileReference; lastKnownFileType = net.daringfireball.markdown; path = PERFORMANCE_METRICS.md; sourceTree = "<group>"; };
		VOICE001002EF2000002E233B /* AudioSessionManager.swift */ = {isa = PBXFileReference; lastKnownFileType = sourcecode.swift; path = AudioSessionManager.swift; sourceTree = "<group>"; };
		VOICE001032EF2000002E233B /* AudioCaptureService.swift */ = {isa = PBXFileReference; lastKnownFileType = sourcecode.swift; path = AudioCaptureService.swift; sourceTree = "<group>"; };
		VOICE001052EF2000002E233B /* VoiceInputManager.swift */ = {isa = PBXFileReference; lastKnownFileType = sourcecode.swift; path = VoiceInputManager.swift; sourceTree = "<group>"; };
		VOICE001072EF2000002E233B /* VoiceInputButton.swift */ = {isa = PBXFileReference; lastKnownFileType = sourcecode.swift; path = VoiceInputButton.swift; sourceTree = "<group>"; };
/* End PBXFileReference section */

/* Begin PBXFileSystemSynchronizedRootGroup section */
		139FBB4B2E2A1D37003EF52B /* Q2 Edge ChatTests */ = {
			isa = PBXFileSystemSynchronizedRootGroup;
			path = "Q2 Edge ChatTests";
			sourceTree = "<group>";
		};
		139FBB552E2A1D37003EF52B /* Q2 Edge ChatUITests */ = {
			isa = PBXFileSystemSynchronizedRootGroup;
			path = "Q2 Edge ChatUITests";
			sourceTree = "<group>";
		};
		21E5065D2E2D500800D26F61 /* Models */ = {
			isa = PBXFileSystemSynchronizedRootGroup;
			path = Models;
			sourceTree = "<group>";
		};
/* End PBXFileSystemSynchronizedRootGroup section */

/* Begin PBXFrameworksBuildPhase section */
		139FBB382E2A1D35003EF52B /* Frameworks */ = {
			isa = PBXFrameworksBuildPhase;
			buildActionMask = 2147483647;
			files = (
				132C42FE2E4333B500E24B13 /* SwiftLlama in Frameworks */,
				FLUID00012EF3000000000001 /* FluidAudio in Frameworks */,
			);
			runOnlyForDeploymentPostprocessing = 0;
		};
		139FBB452E2A1D37003EF52B /* Frameworks */ = {
			isa = PBXFrameworksBuildPhase;
			buildActionMask = 2147483647;
			files = (
			);
			runOnlyForDeploymentPostprocessing = 0;
		};
		139FBB4F2E2A1D37003EF52B /* Frameworks */ = {
			isa = PBXFrameworksBuildPhase;
			buildActionMask = 2147483647;
			files = (
			);
			runOnlyForDeploymentPostprocessing = 0;
		};
/* End PBXFrameworksBuildPhase section */

/* Begin PBXGroup section */
		139FBB322E2A1D35003EF52B = {
			isa = PBXGroup;
			children = (
				13B882512E2B7716006A0005 /* Q2 Edge Chat */,
				139FBB4B2E2A1D37003EF52B /* Q2 Edge ChatTests */,
				139FBB552E2A1D37003EF52B /* Q2 Edge ChatUITests */,
				139FBB3C2E2A1D35003EF52B /* Products */,
			);
			sourceTree = "<group>";
		};
		139FBB3C2E2A1D35003EF52B /* Products */ = {
			isa = PBXGroup;
			children = (
				139FBB3B2E2A1D35003EF52B /* Q2 Edge Chat.app */,
				139FBB482E2A1D37003EF52B /* Q2 Edge ChatTests.xctest */,
				139FBB522E2A1D37003EF52B /* Q2 Edge ChatUITests.xctest */,
			);
			name = Products;
			sourceTree = "<group>";
		};
		13AF4A902E3336D6004AC50F /* ViewModels */ = {
			isa = PBXGroup;
			children = (
				13AF4A952E333AB0004AC50F /* ChatViewModel.swift */,
				13AF4A912E3336DF004AC50F /* BrowseModelsViewModel.swift */,
			);
			path = ViewModels;
			sourceTree = "<group>";
		};
		13AF4AA22E342F93004AC50F /* Components */ = {
			isa = PBXGroup;
			children = (
				13AF4AA32E342FA0004AC50F /* MessageRow.swift */,
				VOICE001072EF2000002E233B /* VoiceInputButton.swift */,
			);
			path = Components;
			sourceTree = "<group>";
		};
		13B8824D2E2B7716006A0005 /* Views */ = {
			isa = PBXGroup;
			children = (
				13AF4AA22E342F93004AC50F /* Components */,
				13AF4AA02E342EF0004AC50F /* ChatListView.swift */,
				13AF4A9E2E342ED2004AC50F /* ChatWorkspaceView.swift */,
				13AF4A972E333C27004AC50F /* ModelPickerView.swift */,
				13AF4A932E333720004AC50F /* ModelBrowserView.swift */,
				13AF4AAA2E343ABC004AC50F /* MarkdownText.swift */,
				13AF4AAC2E343DEF004AC50F /* ModelSettingsView.swift */,
				13AF4AAE2E343F12004AC50F /* ExportChatView.swift */,
				21E506602E2D651D00D26F61 /* MessagesView.swift */,
				21E506572E2D1FD200D26F61 /* ChatView.swift */,
				21E506532E2D1DE200D26F61 /* ContentView.swift */,
				13B8824C2E2B7716006A0005 /* FrontPageView.swift */,
				21E5065B2E2D4E3F00D26F61 /* DynamicTextEditor.swift */,
				81335FC62EF135DD002E233B /* PERFORMANCE_METRICS.md */,
			);
			path = Views;
			sourceTree = "<group>";
		};
		13B882512E2B7716006A0005 /* Q2 Edge Chat */ = {
			isa = PBXGroup;
			children = (
				13AF4A902E3336D6004AC50F /* ViewModels */,
				21E5065D2E2D500800D26F61 /* Models */,
				13B882562E2C31C2006A0005 /* Services */,
				13B8824D2E2B7716006A0005 /* Views */,
				13B8824E2E2B7716006A0005 /* Assets.xcassets */,
				13B882502E2B7716006A0005 /* Q2_Edge_ChatApp.swift */,
			);
			path = "Q2 Edge Chat";
			sourceTree = "<group>";
		};
		13B882562E2C31C2006A0005 /* Services */ = {
			isa = PBXGroup;
			children = (
				VOICE001082EF2000002E233B /* Audio */,
				1371CE612E34547700209092 /* LlamaEngine.swift */,
				1371CE5F2E34333400209092 /* ModelManifest.swift */,
				13AF4A9C2E342DB1004AC50F /* ChatManager.swift */,
				13B882572E2C31D3006A0005 /* ModelManager.swift */,
			);
			path = Services;
			sourceTree = "<group>";
		};
		VOICE001082EF2000002E233B /* Audio */ = {
			isa = PBXGroup;
			children = (
				VOICE001002EF2000002E233B /* AudioSessionManager.swift */,
				VOICE001032EF2000002E233B /* AudioCaptureService.swift */,
				VOICE001052EF2000002E233B /* VoiceInputManager.swift */,
			);
			path = Audio;
			sourceTree = "<group>";
		};
/* End PBXGroup section */

/* Begin PBXNativeTarget section */
		139FBB3A2E2A1D35003EF52B /* Q2 Edge Chat */ = {
			isa = PBXNativeTarget;
			buildConfigurationList = 139FBB5C2E2A1D37003EF52B /* Build configuration list for PBXNativeTarget "Q2 Edge Chat" */;
			buildPhases = (
				139FBB372E2A1D35003EF52B /* Sources */,
				139FBB382E2A1D35003EF52B /* Frameworks */,
				139FBB392E2A1D35003EF52B /* Resources */,
			);
			buildRules = (
			);
			dependencies = (
			);
			fileSystemSynchronizedGroups = (
				21E5065D2E2D500800D26F61 /* Models */,
			);
			name = "Q2 Edge Chat";
			packageProductDependencies = (
				132C42FD2E4333B500E24B13 /* SwiftLlama */,
				FLUID00022EF3000000000002 /* FluidAudio */,
			);
			productName = "Q2 Edge Chat";
			productReference = 139FBB3B2E2A1D35003EF52B /* Q2 Edge Chat.app */;
			productType = "com.apple.product-type.application";
		};
		139FBB472E2A1D37003EF52B /* Q2 Edge ChatTests */ = {
			isa = PBXNativeTarget;
			buildConfigurationList = 139FBB5F2E2A1D37003EF52B /* Build configuration list for PBXNativeTarget "Q2 Edge ChatTests" */;
			buildPhases = (
				139FBB442E2A1D37003EF52B /* Sources */,
				139FBB452E2A1D37003EF52B /* Frameworks */,
				139FBB462E2A1D37003EF52B /* Resources */,
			);
			buildRules = (
			);
			dependencies = (
				139FBB4A2E2A1D37003EF52B /* PBXTargetDependency */,
			);
			fileSystemSynchronizedGroups = (
				139FBB4B2E2A1D37003EF52B /* Q2 Edge ChatTests */,
			);
			name = "Q2 Edge ChatTests";
			packageProductDependencies = (
			);
			productName = "Q2 Edge ChatTests";
			productReference = 139FBB482E2A1D37003EF52B /* Q2 Edge ChatTests.xctest */;
			productType = "com.apple.product-type.bundle.unit-test";
		};
		139FBB512E2A1D37003EF52B /* Q2 Edge ChatUITests */ = {
			isa = PBXNativeTarget;
			buildConfigurationList = 139FBB622E2A1D37003EF52B /* Build configuration list for PBXNativeTarget "Q2 Edge ChatUITests" */;
			buildPhases = (
				139FBB4E2E2A1D37003EF52B /* Sources */,
				139FBB4F2E2A1D37003EF52B /* Frameworks */,
				139FBB502E2A1D37003EF52B /* Resources */,
			);
			buildRules = (
			);
			dependencies = (
				139FBB542E2A1D37003EF52B /* PBXTargetDependency */,
			);
			fileSystemSynchronizedGroups = (
				139FBB552E2A1D37003EF52B /* Q2 Edge ChatUITests */,
			);
			name = "Q2 Edge ChatUITests";
			packageProductDependencies = (
			);
			productName = "Q2 Edge ChatUITests";
			productReference = 139FBB522E2A1D37003EF52B /* Q2 Edge ChatUITests.xctest */;
			productType = "com.apple.product-type.bundle.ui-testing";
		};
/* End PBXNativeTarget section */

/* Begin PBXProject section */
		139FBB332E2A1D35003EF52B /* Project object */ = {
			isa = PBXProject;
			attributes = {
				BuildIndependentTargetsInParallel = 1;
				LastSwiftUpdateCheck = 1640;
				LastUpgradeCheck = 1640;
				TargetAttributes = {
					139FBB3A2E2A1D35003EF52B = {
						CreatedOnToolsVersion = 16.4;
					};
					139FBB472E2A1D37003EF52B = {
						CreatedOnToolsVersion = 16.4;
						TestTargetID = 139FBB3A2E2A1D35003EF52B;
					};
					139FBB512E2A1D37003EF52B = {
						CreatedOnToolsVersion = 16.4;
						TestTargetID = 139FBB3A2E2A1D35003EF52B;
					};
				};
			};
			buildConfigurationList = 139FBB362E2A1D35003EF52B /* Build configuration list for PBXProject "Q2 Edge Chat" */;
			developmentRegion = en;
			hasScannedForEncodings = 0;
			knownRegions = (
				en,
				Base,
			);
			mainGroup = 139FBB322E2A1D35003EF52B;
			minimizedProjectReferenceProxies = 1;
			packageReferences = (
				132C42FC2E4333B500E24B13 /* XCRemoteSwiftPackageReference "QSwiftLlama" */,
				FLUID00032EF3000000000003 /* XCRemoteSwiftPackageReference "FluidAudio" */,
			);
			preferredProjectObjectVersion = 77;
			productRefGroup = 139FBB3C2E2A1D35003EF52B /* Products */;
			projectDirPath = "";
			projectRoot = "";
			targets = (
				139FBB3A2E2A1D35003EF52B /* Q2 Edge Chat */,
				139FBB472E2A1D37003EF52B /* Q2 Edge ChatTests */,
				139FBB512E2A1D37003EF52B /* Q2 Edge ChatUITests */,
			);
		};
/* End PBXProject section */

/* Begin PBXResourcesBuildPhase section */
		139FBB392E2A1D35003EF52B /* Resources */ = {
			isa = PBXResourcesBuildPhase;
			buildActionMask = 2147483647;
			files = (
				13B882522E2B7716006A0005 /* Assets.xcassets in Resources */,
				81335FC72EF135DD002E233B /* PERFORMANCE_METRICS.md in Resources */,
			);
			runOnlyForDeploymentPostprocessing = 0;
		};
		139FBB462E2A1D37003EF52B /* Resources */ = {
			isa = PBXResourcesBuildPhase;
			buildActionMask = 2147483647;
			files = (
			);
			runOnlyForDeploymentPostprocessing = 0;
		};
		139FBB502E2A1D37003EF52B /* Resources */ = {
			isa = PBXResourcesBuildPhase;
			buildActionMask = 2147483647;
			files = (
			);
			runOnlyForDeploymentPostprocessing = 0;
		};
/* End PBXResourcesBuildPhase section */

/* Begin PBXSourcesBuildPhase section */
		139FBB372E2A1D35003EF52B /* Sources */ = {
			isa = PBXSourcesBuildPhase;
			buildActionMask = 2147483647;
			files = (
				13AF4A9D2E342DB4004AC50F /* ChatManager.swift in Sources */,
				13AF4A922E3336EA004AC50F /* BrowseModelsViewModel.swift in Sources */,
				13AF4AA42E342FA0004AC50F /* MessageRow.swift in Sources */,
				21E5065C2E2D4E3F00D26F61 /* DynamicTextEditor.swift in Sources */,
				21E506582E2D1FD200D26F61 /* ChatView.swift in Sources */,
				21E506612E2D651D00D26F61 /* MessagesView.swift in Sources */,
				13AF4A942E333729004AC50F /* ModelBrowserView.swift in Sources */,
				13AF4AAB2E343ABC004AC50F /* MarkdownText.swift in Sources */,
				13AF4AAD2E343DEF004AC50F /* ModelSettingsView.swift in Sources */,
				13AF4AAF2E343F12004AC50F /* ExportChatView.swift in Sources */,
				13B882542E2B7716006A0005 /* Q2_Edge_ChatApp.swift in Sources */,
				21E506542E2D1DE200D26F61 /* ContentView.swift in Sources */,
				13AF4A982E333C30004AC50F /* ModelPickerView.swift in Sources */,
				13B882552E2B7716006A0005 /* FrontPageView.swift in Sources */,
				13AF4A9F2E342ED2004AC50F /* ChatWorkspaceView.swift in Sources */,
				1371CE602E34333600209092 /* ModelManifest.swift in Sources */,
				13AF4A962E333AB5004AC50F /* ChatViewModel.swift in Sources */,
				1371CE6C2E345FF700209092 /* LlamaEngine.swift in Sources */,
				13B882582E2C31D8006A0005 /* ModelManager.swift in Sources */,
				13AF4AA12E342EF0004AC50F /* ChatListView.swift in Sources */,
				VOICE001012EF2000002E233B /* AudioSessionManager.swift in Sources */,
				VOICE001022EF2000002E233B /* AudioCaptureService.swift in Sources */,
				VOICE001042EF2000002E233B /* VoiceInputManager.swift in Sources */,
				VOICE001062EF2000002E233B /* VoiceInputButton.swift in Sources */,
			);
			runOnlyForDeploymentPostprocessing = 0;
		};
		139FBB442E2A1D37003EF52B /* Sources */ = {
			isa = PBXSourcesBuildPhase;
			buildActionMask = 2147483647;
			files = (
			);
			runOnlyForDeploymentPostprocessing = 0;
		};
		139FBB4E2E2A1D37003EF52B /* Sources */ = {
			isa = PBXSourcesBuildPhase;
			buildActionMask = 2147483647;
			files = (
			);
			runOnlyForDeploymentPostprocessing = 0;
		};
/* End PBXSourcesBuildPhase section */

/* Begin PBXTargetDependency section */
		139FBB4A2E2A1D37003EF52B /* PBXTargetDependency */ = {
			isa = PBXTargetDependency;
			target = 139FBB3A2E2A1D35003EF52B /* Q2 Edge Chat */;
			targetProxy = 139FBB492E2A1D37003EF52B /* PBXContainerItemProxy */;
		};
		139FBB542E2A1D37003EF52B /* PBXTargetDependency */ = {
			isa = PBXTargetDependency;
			target = 139FBB3A2E2A1D35003EF52B /* Q2 Edge Chat */;
			targetProxy = 139FBB532E2A1D37003EF52B /* PBXContainerItemProxy */;
		};
/* End PBXTargetDependency section */

/* Begin XCBuildConfiguration section */
		139FBB5A2E2A1D37003EF52B /* Debug */ = {
			isa = XCBuildConfiguration;
			buildSettings = {
				ALWAYS_SEARCH_USER_PATHS = NO;
				ASSETCATALOG_COMPILER_GENERATE_SWIFT_ASSET_SYMBOL_EXTENSIONS = YES;
				CLANG_ANALYZER_NONNULL = YES;
				CLANG_ANALYZER_NUMBER_OBJECT_CONVERSION = YES_AGGRESSIVE;
				CLANG_CXX_LANGUAGE_STANDARD = "gnu++20";
				CLANG_ENABLE_MODULES = YES;
				CLANG_ENABLE_OBJC_ARC = YES;
				CLANG_ENABLE_OBJC_WEAK = YES;
				CLANG_WARN_BLOCK_CAPTURE_AUTORELEASING = YES;
				CLANG_WARN_BOOL_CONVERSION = YES;
				CLANG_WARN_COMMA = YES;
				CLANG_WARN_CONSTANT_CONVERSION = YES;
				CLANG_WARN_DEPRECATED_OBJC_IMPLEMENTATIONS = YES;
				CLANG_WARN_DIRECT_OBJC_ISA_USAGE = YES_ERROR;
				CLANG_WARN_DOCUMENTATION_COMMENTS = YES;
				CLANG_WARN_EMPTY_BODY = YES;
				CLANG_WARN_ENUM_CONVERSION = YES;
				CLANG_WARN_INFINITE_RECURSION = YES;
				CLANG_WARN_INT_CONVERSION = YES;
				CLANG_WARN_NON_LITERAL_NULL_CONVERSION = YES;
				CLANG_WARN_OBJC_IMPLICIT_RETAIN_SELF = YES;
				CLANG_WARN_OBJC_LITERAL_CONVERSION = YES;
				CLANG_WARN_OBJC_ROOT_CLASS = YES_ERROR;
				CLANG_WARN_QUOTED_INCLUDE_IN_FRAMEWORK_HEADER = YES;
				CLANG_WARN_RANGE_LOOP_ANALYSIS = YES;
				CLANG_WARN_STRICT_PROTOTYPES = YES;
				CLANG_WARN_SUSPICIOUS_MOVE = YES;
				CLANG_WARN_UNGUARDED_AVAILABILITY = YES_AGGRESSIVE;
				CLANG_WARN_UNREACHABLE_CODE = YES;
				CLANG_WARN__DUPLICATE_METHOD_MATCH = YES;
				COPY_PHASE_STRIP = NO;
				DEBUG_INFORMATION_FORMAT = dwarf;
				ENABLE_STRICT_OBJC_MSGSEND = YES;
				ENABLE_TESTABILITY = YES;
				ENABLE_USER_SCRIPT_SANDBOXING = YES;
				GCC_C_LANGUAGE_STANDARD = gnu17;
				GCC_DYNAMIC_NO_PIC = NO;
				GCC_NO_COMMON_BLOCKS = YES;
				GCC_OPTIMIZATION_LEVEL = 0;
				GCC_PREPROCESSOR_DEFINITIONS = (
					"DEBUG=1",
					"$(inherited)",
				);
				GCC_WARN_64_TO_32_BIT_CONVERSION = YES;
				GCC_WARN_ABOUT_RETURN_TYPE = YES_ERROR;
				GCC_WARN_UNDECLARED_SELECTOR = YES;
				GCC_WARN_UNINITIALIZED_AUTOS = YES_AGGRESSIVE;
				GCC_WARN_UNUSED_FUNCTION = YES;
				GCC_WARN_UNUSED_VARIABLE = YES;
				IPHONEOS_DEPLOYMENT_TARGET = 18.5;
				LOCALIZATION_PREFERS_STRING_CATALOGS = YES;
				MTL_ENABLE_DEBUG_INFO = INCLUDE_SOURCE;
				MTL_FAST_MATH = YES;
				ONLY_ACTIVE_ARCH = YES;
				SDKROOT = iphoneos;
				SWIFT_ACTIVE_COMPILATION_CONDITIONS = "DEBUG $(inherited)";
				SWIFT_OPTIMIZATION_LEVEL = "-Onone";
			};
			name = Debug;
		};
		139FBB5B2E2A1D37003EF52B /* Release */ = {
			isa = XCBuildConfiguration;
			buildSettings = {
				ALWAYS_SEARCH_USER_PATHS = NO;
				ASSETCATALOG_COMPILER_GENERATE_SWIFT_ASSET_SYMBOL_EXTENSIONS = YES;
				CLANG_ANALYZER_NONNULL = YES;
				CLANG_ANALYZER_NUMBER_OBJECT_CONVERSION = YES_AGGRESSIVE;
				CLANG_CXX_LANGUAGE_STANDARD = "gnu++20";
				CLANG_ENABLE_MODULES = YES;
				CLANG_ENABLE_OBJC_ARC = YES;
				CLANG_ENABLE_OBJC_WEAK = YES;
				CLANG_WARN_BLOCK_CAPTURE_AUTORELEASING = YES;
				CLANG_WARN_BOOL_CONVERSION = YES;
				CLANG_WARN_COMMA = YES;
				CLANG_WARN_CONSTANT_CONVERSION = YES;
				CLANG_WARN_DEPRECATED_OBJC_IMPLEMENTATIONS = YES;
				CLANG_WARN_DIRECT_OBJC_ISA_USAGE = YES_ERROR;
				CLANG_WARN_DOCUMENTATION_COMMENTS = YES;
				CLANG_WARN_EMPTY_BODY = YES;
				CLANG_WARN_ENUM_CONVERSION = YES;
				CLANG_WARN_INFINITE_RECURSION = YES;
				CLANG_WARN_INT_CONVERSION = YES;
				CLANG_WARN_NON_LITERAL_NULL_CONVERSION = YES;
				CLANG_WARN_OBJC_IMPLICIT_RETAIN_SELF = YES;
				CLANG_WARN_OBJC_LITERAL_CONVERSION = YES;
				CLANG_WARN_OBJC_ROOT_CLASS = YES_ERROR;
				CLANG_WARN_QUOTED_INCLUDE_IN_FRAMEWORK_HEADER = YES;
				CLANG_WARN_RANGE_LOOP_ANALYSIS = YES;
				CLANG_WARN_STRICT_PROTOTYPES = YES;
				CLANG_WARN_SUSPICIOUS_MOVE = YES;
				CLANG_WARN_UNGUARDED_AVAILABILITY = YES_AGGRESSIVE;
				CLANG_WARN_UNREACHABLE_CODE = YES;
				CLANG_WARN__DUPLICATE_METHOD_MATCH = YES;
				COPY_PHASE_STRIP = NO;
				DEBUG_INFORMATION_FORMAT = "dwarf-with-dsym";
				ENABLE_NS_ASSERTIONS = NO;
				ENABLE_STRICT_OBJC_MSGSEND = YES;
				ENABLE_USER_SCRIPT_SANDBOXING = YES;
				GCC_C_LANGUAGE_STANDARD = gnu17;
				GCC_NO_COMMON_BLOCKS = YES;
				GCC_WARN_64_TO_32_BIT_CONVERSION = YES;
				GCC_WARN_ABOUT_RETURN_TYPE = YES_ERROR;
				GCC_WARN_UNDECLARED_SELECTOR = YES;
				GCC_WARN_UNINITIALIZED_AUTOS = YES_AGGRESSIVE;
				GCC_WARN_UNUSED_FUNCTION = YES;
				GCC_WARN_UNUSED_VARIABLE = YES;
				IPHONEOS_DEPLOYMENT_TARGET = 18.5;
				LOCALIZATION_PREFERS_STRING_CATALOGS = YES;
				MTL_ENABLE_DEBUG_INFO = NO;
				MTL_FAST_MATH = YES;
				SDKROOT = iphoneos;
				SWIFT_COMPILATION_MODE = wholemodule;
				VALIDATE_PRODUCT = YES;
			};
			name = Release;
		};
		139FBB5D2E2A1D37003EF52B /* Debug */ = {
			isa = XCBuildConfiguration;
			buildSettings = {
				ASSETCATALOG_COMPILER_APPICON_NAME = AppIcon;
				ASSETCATALOG_COMPILER_GLOBAL_ACCENT_COLOR_NAME = AccentColor;
				CODE_SIGN_STYLE = Automatic;
				CURRENT_PROJECT_VERSION = 1;
				DEVELOPMENT_TEAM = XM6E4PUXTU;
				ENABLE_PREVIEWS = YES;
				GENERATE_INFOPLIST_FILE = YES;
				INFOPLIST_KEY_CFBundleDisplayName = "Q2 Edge Chat";
				INFOPLIST_KEY_LSApplicationCategoryType = "public.app-category.developer-tools";
				INFOPLIST_KEY_NSMicrophoneUsageDescription = "Q2 Edge Chat uses the microphone for voice input to enable hands-free chat with AI models.";
				INFOPLIST_KEY_UIApplicationSceneManifest_Generation = YES;
				INFOPLIST_KEY_UIApplicationSupportsIndirectInputEvents = YES;
				INFOPLIST_KEY_UILaunchScreen_Generation = YES;
				INFOPLIST_KEY_UISupportedInterfaceOrientations_iPad = "UIInterfaceOrientationPortrait UIInterfaceOrientationPortraitUpsideDown UIInterfaceOrientationLandscapeLeft UIInterfaceOrientationLandscapeRight";
				INFOPLIST_KEY_UISupportedInterfaceOrientations_iPhone = "UIInterfaceOrientationPortrait UIInterfaceOrientationLandscapeLeft UIInterfaceOrientationLandscapeRight";
				INFOPLIST_KEY_UIFileSharingEnabled = YES;
				INFOPLIST_KEY_LSSupportsOpeningDocumentsInPlace = YES;
				IPHONEOS_DEPLOYMENT_TARGET = 18.0;
				LD_RUNPATH_SEARCH_PATHS = (
					"$(inherited)",
					"@executable_path/Frameworks",
				);
				MARKETING_VERSION = 1.0.1;
				PRODUCT_BUNDLE_IDENTIFIER = "arzamen.Q2-Edge-Chat";
				PRODUCT_NAME = "$(TARGET_NAME)";
				SWIFT_EMIT_LOC_STRINGS = YES;
				SWIFT_VERSION = 5.0;
				TARGETED_DEVICE_FAMILY = "1,2";
			};
			name = Debug;
		};
		139FBB5E2E2A1D37003EF52B /* Release */ = {
			isa = XCBuildConfiguration;
			buildSettings = {
				ASSETCATALOG_COMPILER_APPICON_NAME = AppIcon;
				ASSETCATALOG_COMPILER_GLOBAL_ACCENT_COLOR_NAME = AccentColor;
				CODE_SIGN_STYLE = Automatic;
				CURRENT_PROJECT_VERSION = 1;
				DEVELOPMENT_TEAM = XM6E4PUXTU;
				ENABLE_PREVIEWS = YES;
				GENERATE_INFOPLIST_FILE = YES;
				INFOPLIST_KEY_CFBundleDisplayName = "Q2 Edge Chat";
				INFOPLIST_KEY_LSApplicationCategoryType = "public.app-category.developer-tools";
				INFOPLIST_KEY_NSMicrophoneUsageDescription = "Q2 Edge Chat uses the microphone for voice input to enable hands-free chat with AI models.";
				INFOPLIST_KEY_UIApplicationSceneManifest_Generation = YES;
				INFOPLIST_KEY_UIApplicationSupportsIndirectInputEvents = YES;
				INFOPLIST_KEY_UILaunchScreen_Generation = YES;
				INFOPLIST_KEY_UISupportedInterfaceOrientations_iPad = "UIInterfaceOrientationPortrait UIInterfaceOrientationPortraitUpsideDown UIInterfaceOrientationLandscapeLeft UIInterfaceOrientationLandscapeRight";
				INFOPLIST_KEY_UISupportedInterfaceOrientations_iPhone = "UIInterfaceOrientationPortrait UIInterfaceOrientationLandscapeLeft UIInterfaceOrientationLandscapeRight";
				INFOPLIST_KEY_UIFileSharingEnabled = YES;
				INFOPLIST_KEY_LSSupportsOpeningDocumentsInPlace = YES;
				IPHONEOS_DEPLOYMENT_TARGET = 18.0;
				LD_RUNPATH_SEARCH_PATHS = (
					"$(inherited)",
					"@executable_path/Frameworks",
				);
				MARKETING_VERSION = 1.0.1;
				PRODUCT_BUNDLE_IDENTIFIER = "arzamen.Q2-Edge-Chat";
				PRODUCT_NAME = "$(TARGET_NAME)";
				SWIFT_EMIT_LOC_STRINGS = YES;
				SWIFT_VERSION = 5.0;
				TARGETED_DEVICE_FAMILY = "1,2";
			};
			name = Release;
		};
		139FBB602E2A1D37003EF52B /* Debug */ = {
			isa = XCBuildConfiguration;
			buildSettings = {
				BUNDLE_LOADER = "$(TEST_HOST)";
				CODE_SIGN_STYLE = Automatic;
				CURRENT_PROJECT_VERSION = 1;
				DEVELOPMENT_TEAM = XM6E4PUXTU;
				GENERATE_INFOPLIST_FILE = YES;
				IPHONEOS_DEPLOYMENT_TARGET = 18.5;
				MARKETING_VERSION = 1.0;
				PRODUCT_BUNDLE_IDENTIFIER = "arzamen.Q2-Edge-ChatTests";
				PRODUCT_NAME = "$(TARGET_NAME)";
				SWIFT_EMIT_LOC_STRINGS = NO;
				SWIFT_VERSION = 5.0;
				TARGETED_DEVICE_FAMILY = "1,2";
				TEST_HOST = "$(BUILT_PRODUCTS_DIR)/Q2 Edge Chat.app/$(BUNDLE_EXECUTABLE_FOLDER_PATH)/Q2 Edge Chat";
			};
			name = Debug;
		};
		139FBB612E2A1D37003EF52B /* Release */ = {
			isa = XCBuildConfiguration;
			buildSettings = {
				BUNDLE_LOADER = "$(TEST_HOST)";
				CODE_SIGN_STYLE = Automatic;
				CURRENT_PROJECT_VERSION = 1;
				DEVELOPMENT_TEAM = XM6E4PUXTU;
				GENERATE_INFOPLIST_FILE = YES;
				IPHONEOS_DEPLOYMENT_TARGET = 18.5;
				MARKETING_VERSION = 1.0;
				PRODUCT_BUNDLE_IDENTIFIER = "arzamen.Q2-Edge-ChatTests";
				PRODUCT_NAME = "$(TARGET_NAME)";
				SWIFT_EMIT_LOC_STRINGS = NO;
				SWIFT_VERSION = 5.0;
				TARGETED_DEVICE_FAMILY = "1,2";
				TEST_HOST = "$(BUILT_PRODUCTS_DIR)/Q2 Edge Chat.app/$(BUNDLE_EXECUTABLE_FOLDER_PATH)/Q2 Edge Chat";
			};
			name = Release;
		};
		139FBB632E2A1D37003EF52B /* Debug */ = {
			isa = XCBuildConfiguration;
			buildSettings = {
				CODE_SIGN_STYLE = Automatic;
				CURRENT_PROJECT_VERSION = 1;
				DEVELOPMENT_TEAM = XM6E4PUXTU;
				GENERATE_INFOPLIST_FILE = YES;
				MARKETING_VERSION = 1.0;
				PRODUCT_BUNDLE_IDENTIFIER = "arzamen.Q2-Edge-ChatUITests";
				PRODUCT_NAME = "$(TARGET_NAME)";
				SWIFT_EMIT_LOC_STRINGS = NO;
				SWIFT_VERSION = 5.0;
				TARGETED_DEVICE_FAMILY = "1,2";
				TEST_TARGET_NAME = "Q2 Edge Chat";
			};
			name = Debug;
		};
		139FBB642E2A1D37003EF52B /* Release */ = {
			isa = XCBuildConfiguration;
			buildSettings = {
				CODE_SIGN_STYLE = Automatic;
				CURRENT_PROJECT_VERSION = 1;
				DEVELOPMENT_TEAM = XM6E4PUXTU;
				GENERATE_INFOPLIST_FILE = YES;
				MARKETING_VERSION = 1.0;
				PRODUCT_BUNDLE_IDENTIFIER = "arzamen.Q2-Edge-ChatUITests";
				PRODUCT_NAME = "$(TARGET_NAME)";
				SWIFT_EMIT_LOC_STRINGS = NO;
				SWIFT_VERSION = 5.0;
				TARGETED_DEVICE_FAMILY = "1,2";
				TEST_TARGET_NAME = "Q2 Edge Chat";
			};
			name = Release;
		};
/* End XCBuildConfiguration section */

/* Begin XCConfigurationList section */
		139FBB362E2A1D35003EF52B /* Build configuration list for PBXProject "Q2 Edge Chat" */ = {
			isa = XCConfigurationList;
			buildConfigurations = (
				139FBB5A2E2A1D37003EF52B /* Debug */,
				139FBB5B2E2A1D37003EF52B /* Release */,
			);
			defaultConfigurationIsVisible = 0;
			defaultConfigurationName = Release;
		};
		139FBB5C2E2A1D37003EF52B /* Build configuration list for PBXNativeTarget "Q2 Edge Chat" */ = {
			isa = XCConfigurationList;
			buildConfigurations = (
				139FBB5D2E2A1D37003EF52B /* Debug */,
				139FBB5E2E2A1D37003EF52B /* Release */,
			);
			defaultConfigurationIsVisible = 0;
			defaultConfigurationName = Release;
		};
		139FBB5F2E2A1D37003EF52B /* Build configuration list for PBXNativeTarget "Q2 Edge ChatTests" */ = {
			isa = XCConfigurationList;
			buildConfigurations = (
				139FBB602E2A1D37003EF52B /* Debug */,
				139FBB612E2A1D37003EF52B /* Release */,
			);
			defaultConfigurationIsVisible = 0;
			defaultConfigurationName = Release;
		};
		139FBB622E2A1D37003EF52B /* Build configuration list for PBXNativeTarget "Q2 Edge ChatUITests" */ = {
			isa = XCConfigurationList;
			buildConfigurations = (
				139FBB632E2A1D37003EF52B /* Debug */,
				139FBB642E2A1D37003EF52B /* Release */,
			);
			defaultConfigurationIsVisible = 0;
			defaultConfigurationName = Release;
		};
/* End XCConfigurationList section */

/* Begin XCRemoteSwiftPackageReference section */
		132C42FC2E4333B500E24B13 /* XCRemoteSwiftPackageReference "QSwiftLlama" */ = {
			isa = XCRemoteSwiftPackageReference;
			repositoryURL = "https://github.com/Q2-Development/QSwiftLlama";
			requirement = {
				branch = main;
				kind = branch;
			};
		};
		FLUID00032EF3000000000003 /* XCRemoteSwiftPackageReference "FluidAudio" */ = {
			isa = XCRemoteSwiftPackageReference;
			repositoryURL = "https://github.com/FluidInference/FluidAudio.git";
			requirement = {
				kind = upToNextMajorVersion;
				minimumVersion = 0.7.9;
			};
		};
/* End XCRemoteSwiftPackageReference section */

/* Begin XCSwiftPackageProductDependency section */
		132C42FD2E4333B500E24B13 /* SwiftLlama */ = {
			isa = XCSwiftPackageProductDependency;
			package = 132C42FC2E4333B500E24B13 /* XCRemoteSwiftPackageReference "QSwiftLlama" */;
			productName = SwiftLlama;
		};
		FLUID00022EF3000000000002 /* FluidAudio */ = {
			isa = XCSwiftPackageProductDependency;
			package = FLUID00032EF3000000000003 /* XCRemoteSwiftPackageReference "FluidAudio" */;
			productName = FluidAudio;
		};
/* End XCSwiftPackageProductDependency section */
	};
	rootObject = 139FBB332E2A1D35003EF52B /* Project object */;
}
